{
  "requires": true,
  "lockfileVersion": 1,
  "dependencies": {
    "react-world-map": {
      "version": "2.4.0",
      "resolved": "https://registry.npmjs.org/react-world-map/-/react-world-map-2.4.0.tgz",
      "integrity": "sha512-oBvS9eRnajrwoAuVh/WTlk6gfjKbXYHwYPFya/2dguH7bt7T12Z/V3OkYkl7yGA7/qiCufU+L/p6XsFnoBAzgQ=="
    }
  }
}
